
Microsoft Visual Studio Solution File, Format Version 12.00
# Visual Studio Version 17
VisualStudioVersion = 17.0.31717.71
MinimumVisualStudioVersion = 10.0.40219.1
Project("{9A19103F-16F7-4668-BE54-9A1E7A4F7556}") = "BlobStorageFunctions", "BlobStorageFunctions\BlobStorageFunctions.csproj", "{B8ADF4E3-5918-420D-A55C-F9268AC9D420}"
EndProject
Project("{2150E333-8FDC-42A3-9474-1A3956D46DE8}") = "Domain", "Domain", "{860EAA98-7C1B-44F7-A988-3C62F9718B66}"
EndProject
Project("{FAE04EC0-301F-11D3-BF4B-00C04F79EFBC}") = "BlobFunctions.Entities", "BlobFunctions.Entities\BlobFunctions.Entities.csproj", "{573FCF80-8336-464F-90B1-DD1065A0D223}"
EndProject
Global
	GlobalSection(SolutionConfigurationPlatforms) = preSolution
		Debug|Any CPU = Debug|Any CPU
		Release|Any CPU = Release|Any CPU
	EndGlobalSection
	GlobalSection(ProjectConfigurationPlatforms) = postSolution
		{B8ADF4E3-5918-420D-A55C-F9268AC9D420}.Debug|Any CPU.ActiveCfg = Debug|Any CPU
		{B8ADF4E3-5918-420D-A55C-F9268AC9D420}.Debug|Any CPU.Build.0 = Debug|Any CPU
		{B8ADF4E3-5918-420D-A55C-F9268AC9D420}.Release|Any CPU.ActiveCfg = Release|Any CPU
		{B8ADF4E3-5918-420D-A55C-F9268AC9D420}.Release|Any CPU.Build.0 = Release|Any CPU
		{573FCF80-8336-464F-90B1-DD1065A0D223}.Debug|Any CPU.ActiveCfg = Debug|Any CPU
		{573FCF80-8336-464F-90B1-DD1065A0D223}.Debug|Any CPU.Build.0 = Debug|Any CPU
		{573FCF80-8336-464F-90B1-DD1065A0D223}.Release|Any CPU.ActiveCfg = Release|Any CPU
		{573FCF80-8336-464F-90B1-DD1065A0D223}.Release|Any CPU.Build.0 = Release|Any CPU
	EndGlobalSection
	GlobalSection(SolutionProperties) = preSolution
		HideSolutionNode = FALSE
	EndGlobalSection
	GlobalSection(NestedProjects) = preSolution
		{573FCF80-8336-464F-90B1-DD1065A0D223} = {860EAA98-7C1B-44F7-A988-3C62F9718B66}
	EndGlobalSection
	GlobalSection(ExtensibilityGlobals) = postSolution
		SolutionGuid = {3F1718E8-4BF8-4D84-B5F5-CDA972C2143F}
	EndGlobalSection
EndGlobal
